
Microsoft Visual Studio Solution File, Format Version 12.00
# Visual Studio Version 16
VisualStudioVersion = 16.0.31025.194
MinimumVisualStudioVersion = 10.0.40219.1
Project("{9A19103F-16F7-4668-BE54-9A1E7A4F7556}") = "OOP3", "OOP3\OOP3.csproj", "{F8D88C48-6CC2-453F-8A33-97890254BE7E}"
EndProject
Project("{9A19103F-16F7-4668-BE54-9A1E7A4F7556}") = "Metotlar", "Metotlar\Metotlar.csproj", "{FF839787-0158-4E09-B862-71686903414D}"
EndProject
Project("{9A19103F-16F7-4668-BE54-9A1E7A4F7556}") = "Matematik", "Matematik\Matematik.csproj", "{E89B2AC2-3E1C-4CC5-BB0D-E66972DA9B1C}"
EndProject
Project("{9A19103F-16F7-4668-BE54-9A1E7A4F7556}") = "DegerVeReferansTipler", "DegerVeReferansTipler\DegerVeReferansTipler.csproj", "{B8F768E0-BA97-4CA6-ADF3-60AFFDDF44DE}"
EndProject
Project("{9A19103F-16F7-4668-BE54-9A1E7A4F7556}") = "ClassIntro", "ClassIntro\ClassIntro.csproj", "{A0313982-EE8F-4643-83E2-FD546BFB838F}"
EndProject
Project("{9A19103F-16F7-4668-BE54-9A1E7A4F7556}") = "Donguler", "Donguler\Donguler.csproj", "{1AC27508-CB81-4738-B42D-F651E2A1D66B}"
EndProject
Project("{9A19103F-16F7-4668-BE54-9A1E7A4F7556}") = "GenericsIntro", "GenericsIntro\GenericsIntro.csproj", "{682A68F4-0BA9-477F-B93F-04C9F8B5A82A}"
EndProject
Project("{9A19103F-16F7-4668-BE54-9A1E7A4F7556}") = "KampIntro", "KampIntro\KampIntro.csproj", "{5B57C7C3-0B8D-4F9E-8816-F8697A0A4E2F}"
EndProject
Project("{9A19103F-16F7-4668-BE54-9A1E7A4F7556}") = "Koleksiyonlar", "Koleksiyonlar\Koleksiyonlar.csproj", "{C6321D8C-8972-45BB-A9AF-F0B5E6E86EA5}"
EndProject
Project("{9A19103F-16F7-4668-BE54-9A1E7A4F7556}") = "OOP2", "OOP2\OOP2.csproj", "{BE59F64D-7C04-4F5E-AFFC-7ED739128430}"
EndProject
Project("{9A19103F-16F7-4668-BE54-9A1E7A4F7556}") = "OOP1", "OOP1\OOP1.csproj", "{1F696F83-9360-434C-B23A-EBE2CBFC74E5}"
EndProject
Project("{9A19103F-16F7-4668-BE54-9A1E7A4F7556}") = "GameProject", "GameProject\GameProject.csproj", "{85EEFE39-61A0-4ED8-BB63-B1EB57EF8452}"
EndProject
Project("{9A19103F-16F7-4668-BE54-9A1E7A4F7556}") = "Metods", "Metot\Metods.csproj", "{B2089623-7C0F-45EA-AE52-E33840FD8AEB}"
EndProject
Project("{9A19103F-16F7-4668-BE54-9A1E7A4F7556}") = "Constructors", "Constructors\Constructors.csproj", "{5A07D372-1116-45E3-BE4B-EFF558F1060A}"
EndProject
Project("{9A19103F-16F7-4668-BE54-9A1E7A4F7556}") = "Generics", "Generics\Generics.csproj", "{FC3E307B-F8FB-4B68-A22C-98AE94C29AD5}"
EndProject
Project("{9A19103F-16F7-4668-BE54-9A1E7A4F7556}") = "RecapDemo1", "RecapDemo1\RecapDemo1.csproj", "{F65B6BC0-C1A6-4F8F-A7DE-8E0D569866A1}"
EndProject
Project("{9A19103F-16F7-4668-BE54-9A1E7A4F7556}") = "InterfaceAbstractDemo", "InterfaceAbstractDemo\InterfaceAbstractDemo.csproj", "{09068E75-6A89-4C61-8D1C-1DA70FF59609}"
EndProject
Project("{9A19103F-16F7-4668-BE54-9A1E7A4F7556}") = "MyGame", "MyGame\MyGame.csproj", "{7C5A2072-E9CB-4287-995E-0FFA5C65B28F}"
EndProject
Project("{9A19103F-16F7-4668-BE54-9A1E7A4F7556}") = "LinqProject", "LinqProject\LinqProject.csproj", "{10E23298-EC4B-4106-A5FE-5A48A609ED4A}"
EndProject
Project("{FAE04EC0-301F-11D3-BF4B-00C04F79EFBC}") = "Attributes", "Attributes\Attributes.csproj", "{04834535-52B3-4D65-8955-DDCECE699E5E}"
EndProject
Project("{FAE04EC0-301F-11D3-BF4B-00C04F79EFBC}") = "Reflection", "Reflection\Reflection.csproj", "{58E20C23-0595-4864-99C0-FA3D519656AB}"
EndProject
Project("{FAE04EC0-301F-11D3-BF4B-00C04F79EFBC}") = "Delegates", "Delegates\Delegates.csproj", "{03093CA9-FC72-4BDE-B35A-C73D97A6A5E3}"
EndProject
Project("{FAE04EC0-301F-11D3-BF4B-00C04F79EFBC}") = "Exceptions", "Exceptions\Exceptions.csproj", "{A0799A3D-97CC-4A6F-AF2F-D0BDF32CBCF8}"
EndProject
Project("{FAE04EC0-301F-11D3-BF4B-00C04F79EFBC}") = "EventsDemo", "EventsDemo\EventsDemo.csproj", "{01D1E951-34F7-4E0E-9928-DC3E458BB13C}"
EndProject
Global
	GlobalSection(SolutionConfigurationPlatforms) = preSolution
		Debug|Any CPU = Debug|Any CPU
		Release|Any CPU = Release|Any CPU
	EndGlobalSection
	GlobalSection(ProjectConfigurationPlatforms) = postSolution
		{F8D88C48-6CC2-453F-8A33-97890254BE7E}.Debug|Any CPU.ActiveCfg = Debug|Any CPU
		{F8D88C48-6CC2-453F-8A33-97890254BE7E}.Debug|Any CPU.Build.0 = Debug|Any CPU
		{F8D88C48-6CC2-453F-8A33-97890254BE7E}.Release|Any CPU.ActiveCfg = Release|Any CPU
		{F8D88C48-6CC2-453F-8A33-97890254BE7E}.Release|Any CPU.Build.0 = Release|Any CPU
		{FF839787-0158-4E09-B862-71686903414D}.Debug|Any CPU.ActiveCfg = Debug|Any CPU
		{FF839787-0158-4E09-B862-71686903414D}.Debug|Any CPU.Build.0 = Debug|Any CPU
		{FF839787-0158-4E09-B862-71686903414D}.Release|Any CPU.ActiveCfg = Release|Any CPU
		{FF839787-0158-4E09-B862-71686903414D}.Release|Any CPU.Build.0 = Release|Any CPU
		{E89B2AC2-3E1C-4CC5-BB0D-E66972DA9B1C}.Debug|Any CPU.ActiveCfg = Debug|Any CPU
		{E89B2AC2-3E1C-4CC5-BB0D-E66972DA9B1C}.Debug|Any CPU.Build.0 = Debug|Any CPU
		{E89B2AC2-3E1C-4CC5-BB0D-E66972DA9B1C}.Release|Any CPU.ActiveCfg = Release|Any CPU
		{E89B2AC2-3E1C-4CC5-BB0D-E66972DA9B1C}.Release|Any CPU.Build.0 = Release|Any CPU
		{B8F768E0-BA97-4CA6-ADF3-60AFFDDF44DE}.Debug|Any CPU.ActiveCfg = Debug|Any CPU
		{B8F768E0-BA97-4CA6-ADF3-60AFFDDF44DE}.Debug|Any CPU.Build.0 = Debug|Any CPU
		{B8F768E0-BA97-4CA6-ADF3-60AFFDDF44DE}.Release|Any CPU.ActiveCfg = Release|Any CPU
		{B8F768E0-BA97-4CA6-ADF3-60AFFDDF44DE}.Release|Any CPU.Build.0 = Release|Any CPU
		{A0313982-EE8F-4643-83E2-FD546BFB838F}.Debug|Any CPU.ActiveCfg = Debug|Any CPU
		{A0313982-EE8F-4643-83E2-FD546BFB838F}.Debug|Any CPU.Build.0 = Debug|Any CPU
		{A0313982-EE8F-4643-83E2-FD546BFB838F}.Release|Any CPU.ActiveCfg = Release|Any CPU
		{A0313982-EE8F-4643-83E2-FD546BFB838F}.Release|Any CPU.Build.0 = Release|Any CPU
		{1AC27508-CB81-4738-B42D-F651E2A1D66B}.Debug|Any CPU.ActiveCfg = Debug|Any CPU
		{1AC27508-CB81-4738-B42D-F651E2A1D66B}.Debug|Any CPU.Build.0 = Debug|Any CPU
		{1AC27508-CB81-4738-B42D-F651E2A1D66B}.Release|Any CPU.ActiveCfg = Release|Any CPU
		{1AC27508-CB81-4738-B42D-F651E2A1D66B}.Release|Any CPU.Build.0 = Release|Any CPU
		{682A68F4-0BA9-477F-B93F-04C9F8B5A82A}.Debug|Any CPU.ActiveCfg = Debug|Any CPU
		{682A68F4-0BA9-477F-B93F-04C9F8B5A82A}.Debug|Any CPU.Build.0 = Debug|Any CPU
		{682A68F4-0BA9-477F-B93F-04C9F8B5A82A}.Release|Any CPU.ActiveCfg = Release|Any CPU
		{682A68F4-0BA9-477F-B93F-04C9F8B5A82A}.Release|Any CPU.Build.0 = Release|Any CPU
		{5B57C7C3-0B8D-4F9E-8816-F8697A0A4E2F}.Debug|Any CPU.ActiveCfg = Debug|Any CPU
		{5B57C7C3-0B8D-4F9E-8816-F8697A0A4E2F}.Debug|Any CPU.Build.0 = Debug|Any CPU
		{5B57C7C3-0B8D-4F9E-8816-F8697A0A4E2F}.Release|Any CPU.ActiveCfg = Release|Any CPU
		{5B57C7C3-0B8D-4F9E-8816-F8697A0A4E2F}.Release|Any CPU.Build.0 = Release|Any CPU
		{C6321D8C-8972-45BB-A9AF-F0B5E6E86EA5}.Debug|Any CPU.ActiveCfg = Debug|Any CPU
		{C6321D8C-8972-45BB-A9AF-F0B5E6E86EA5}.Debug|Any CPU.Build.0 = Debug|Any CPU
		{C6321D8C-8972-45BB-A9AF-F0B5E6E86EA5}.Release|Any CPU.ActiveCfg = Release|Any CPU
		{C6321D8C-8972-45BB-A9AF-F0B5E6E86EA5}.Release|Any CPU.Build.0 = Release|Any CPU
		{BE59F64D-7C04-4F5E-AFFC-7ED739128430}.Debug|Any CPU.ActiveCfg = Debug|Any CPU
		{BE59F64D-7C04-4F5E-AFFC-7ED739128430}.Debug|Any CPU.Build.0 = Debug|Any CPU
		{BE59F64D-7C04-4F5E-AFFC-7ED739128430}.Release|Any CPU.ActiveCfg = Release|Any CPU
		{BE59F64D-7C04-4F5E-AFFC-7ED739128430}.Release|Any CPU.Build.0 = Release|Any CPU
		{1F696F83-9360-434C-B23A-EBE2CBFC74E5}.Debug|Any CPU.ActiveCfg = Debug|Any CPU
		{1F696F83-9360-434C-B23A-EBE2CBFC74E5}.Debug|Any CPU.Build.0 = Debug|Any CPU
		{1F696F83-9360-434C-B23A-EBE2CBFC74E5}.Release|Any CPU.ActiveCfg = Release|Any CPU
		{1F696F83-9360-434C-B23A-EBE2CBFC74E5}.Release|Any CPU.Build.0 = Release|Any CPU
		{85EEFE39-61A0-4ED8-BB63-B1EB57EF8452}.Debug|Any CPU.ActiveCfg = Debug|Any CPU
		{85EEFE39-61A0-4ED8-BB63-B1EB57EF8452}.Debug|Any CPU.Build.0 = Debug|Any CPU
		{85EEFE39-61A0-4ED8-BB63-B1EB57EF8452}.Release|Any CPU.ActiveCfg = Release|Any CPU
		{85EEFE39-61A0-4ED8-BB63-B1EB57EF8452}.Release|Any CPU.Build.0 = Release|Any CPU
		{B2089623-7C0F-45EA-AE52-E33840FD8AEB}.Debug|Any CPU.ActiveCfg = Debug|Any CPU
		{B2089623-7C0F-45EA-AE52-E33840FD8AEB}.Debug|Any CPU.Build.0 = Debug|Any CPU
		{B2089623-7C0F-45EA-AE52-E33840FD8AEB}.Release|Any CPU.ActiveCfg = Release|Any CPU
		{B2089623-7C0F-45EA-AE52-E33840FD8AEB}.Release|Any CPU.Build.0 = Release|Any CPU
		{5A07D372-1116-45E3-BE4B-EFF558F1060A}.Debug|Any CPU.ActiveCfg = Debug|Any CPU
		{5A07D372-1116-45E3-BE4B-EFF558F1060A}.Debug|Any CPU.Build.0 = Debug|Any CPU
		{5A07D372-1116-45E3-BE4B-EFF558F1060A}.Release|Any CPU.ActiveCfg = Release|Any CPU
		{5A07D372-1116-45E3-BE4B-EFF558F1060A}.Release|Any CPU.Build.0 = Release|Any CPU
		{FC3E307B-F8FB-4B68-A22C-98AE94C29AD5}.Debug|Any CPU.ActiveCfg = Debug|Any CPU
		{FC3E307B-F8FB-4B68-A22C-98AE94C29AD5}.Debug|Any CPU.Build.0 = Debug|Any CPU
		{FC3E307B-F8FB-4B68-A22C-98AE94C29AD5}.Release|Any CPU.ActiveCfg = Release|Any CPU
		{FC3E307B-F8FB-4B68-A22C-98AE94C29AD5}.Release|Any CPU.Build.0 = Release|Any CPU
		{F65B6BC0-C1A6-4F8F-A7DE-8E0D569866A1}.Debug|Any CPU.ActiveCfg = Debug|Any CPU
		{F65B6BC0-C1A6-4F8F-A7DE-8E0D569866A1}.Debug|Any CPU.Build.0 = Debug|Any CPU
		{F65B6BC0-C1A6-4F8F-A7DE-8E0D569866A1}.Release|Any CPU.ActiveCfg = Release|Any CPU
		{F65B6BC0-C1A6-4F8F-A7DE-8E0D569866A1}.Release|Any CPU.Build.0 = Release|Any CPU
		{09068E75-6A89-4C61-8D1C-1DA70FF59609}.Debug|Any CPU.ActiveCfg = Debug|Any CPU
		{09068E75-6A89-4C61-8D1C-1DA70FF59609}.Debug|Any CPU.Build.0 = Debug|Any CPU
		{09068E75-6A89-4C61-8D1C-1DA70FF59609}.Release|Any CPU.ActiveCfg = Release|Any CPU
		{09068E75-6A89-4C61-8D1C-1DA70FF59609}.Release|Any CPU.Build.0 = Release|Any CPU
		{7C5A2072-E9CB-4287-995E-0FFA5C65B28F}.Debug|Any CPU.ActiveCfg = Debug|Any CPU
		{7C5A2072-E9CB-4287-995E-0FFA5C65B28F}.Debug|Any CPU.Build.0 = Debug|Any CPU
		{7C5A2072-E9CB-4287-995E-0FFA5C65B28F}.Release|Any CPU.ActiveCfg = Release|Any CPU
		{7C5A2072-E9CB-4287-995E-0FFA5C65B28F}.Release|Any CPU.Build.0 = Release|Any CPU
		{10E23298-EC4B-4106-A5FE-5A48A609ED4A}.Debug|Any CPU.ActiveCfg = Debug|Any CPU
		{10E23298-EC4B-4106-A5FE-5A48A609ED4A}.Debug|Any CPU.Build.0 = Debug|Any CPU
		{10E23298-EC4B-4106-A5FE-5A48A609ED4A}.Release|Any CPU.ActiveCfg = Release|Any CPU
		{10E23298-EC4B-4106-A5FE-5A48A609ED4A}.Release|Any CPU.Build.0 = Release|Any CPU
		{04834535-52B3-4D65-8955-DDCECE699E5E}.Debug|Any CPU.ActiveCfg = Debug|Any CPU
		{04834535-52B3-4D65-8955-DDCECE699E5E}.Debug|Any CPU.Build.0 = Debug|Any CPU
		{04834535-52B3-4D65-8955-DDCECE699E5E}.Release|Any CPU.ActiveCfg = Release|Any CPU
		{04834535-52B3-4D65-8955-DDCECE699E5E}.Release|Any CPU.Build.0 = Release|Any CPU
		{58E20C23-0595-4864-99C0-FA3D519656AB}.Debug|Any CPU.ActiveCfg = Debug|Any CPU
		{58E20C23-0595-4864-99C0-FA3D519656AB}.Debug|Any CPU.Build.0 = Debug|Any CPU
		{58E20C23-0595-4864-99C0-FA3D519656AB}.Release|Any CPU.ActiveCfg = Release|Any CPU
		{58E20C23-0595-4864-99C0-FA3D519656AB}.Release|Any CPU.Build.0 = Release|Any CPU
		{03093CA9-FC72-4BDE-B35A-C73D97A6A5E3}.Debug|Any CPU.ActiveCfg = Debug|Any CPU
		{03093CA9-FC72-4BDE-B35A-C73D97A6A5E3}.Debug|Any CPU.Build.0 = Debug|Any CPU
		{03093CA9-FC72-4BDE-B35A-C73D97A6A5E3}.Release|Any CPU.ActiveCfg = Release|Any CPU
		{03093CA9-FC72-4BDE-B35A-C73D97A6A5E3}.Release|Any CPU.Build.0 = Release|Any CPU
		{A0799A3D-97CC-4A6F-AF2F-D0BDF32CBCF8}.Debug|Any CPU.ActiveCfg = Debug|Any CPU
		{A0799A3D-97CC-4A6F-AF2F-D0BDF32CBCF8}.Debug|Any CPU.Build.0 = Debug|Any CPU
		{A0799A3D-97CC-4A6F-AF2F-D0BDF32CBCF8}.Release|Any CPU.ActiveCfg = Release|Any CPU
		{A0799A3D-97CC-4A6F-AF2F-D0BDF32CBCF8}.Release|Any CPU.Build.0 = Release|Any CPU
		{01D1E951-34F7-4E0E-9928-DC3E458BB13C}.Debug|Any CPU.ActiveCfg = Debug|Any CPU
		{01D1E951-34F7-4E0E-9928-DC3E458BB13C}.Debug|Any CPU.Build.0 = Debug|Any CPU
		{01D1E951-34F7-4E0E-9928-DC3E458BB13C}.Release|Any CPU.ActiveCfg = Release|Any CPU
		{01D1E951-34F7-4E0E-9928-DC3E458BB13C}.Release|Any CPU.Build.0 = Release|Any CPU
	EndGlobalSection
	GlobalSection(SolutionProperties) = preSolution
		HideSolutionNode = FALSE
	EndGlobalSection
	GlobalSection(ExtensibilityGlobals) = postSolution
		SolutionGuid = {2F1E12B8-DAEA-4634-84AA-23F456C6CC81}
	EndGlobalSection
EndGlobal
